
Microsoft Visual Studio Solution File, Format Version 12.00
# Visual Studio 15
VisualStudioVersion = 15.0.27130.2027
MinimumVisualStudioVersion = 10.0.40219.1
Project("{FAE04EC0-301F-11D3-BF4B-00C04F79EFBC}") = "GetCab", "GetCab\GetCab.csproj", "{4D1EA178-AB23-4A58-8C2D-A0DA4A601813}"
EndProject
Global
	GlobalSection(SolutionConfigurationPlatforms) = preSolution
		Debug|Any CPU = Debug|Any CPU
		Release|Any CPU = Release|Any CPU
	EndGlobalSection
	GlobalSection(ProjectConfigurationPlatforms) = postSolution
		{4D1EA178-AB23-4A58-8C2D-A0DA4A601813}.Debug|Any CPU.ActiveCfg = Debug|Any CPU
		{4D1EA178-AB23-4A58-8C2D-A0DA4A601813}.Debug|Any CPU.Build.0 = Debug|Any CPU
		{4D1EA178-AB23-4A58-8C2D-A0DA4A601813}.Release|Any CPU.ActiveCfg = Release|Any CPU
		{4D1EA178-AB23-4A58-8C2D-A0DA4A601813}.Release|Any CPU.Build.0 = Release|Any CPU
	EndGlobalSection
	GlobalSection(SolutionProperties) = preSolution
		HideSolutionNode = FALSE
	EndGlobalSection
	GlobalSection(ExtensibilityGlobals) = postSolution
		SolutionGuid = {248933D9-AF6D-445B-B1DA-135B0926AC42}
	EndGlobalSection
EndGlobal
